{
  "name": "sheets-mixpanel",
  "version": "1.0.0",
  "lockfileVersion": 2,
  "requires": true,
  "packages": {
    "": {
      "name": "sheets-mixpanel",
      "version": "1.0.0",
      "license": "ISC",
      "devDependencies": {
        "@types/google-apps-script": "^1.0.58"
      }
    },
    "node_modules/@types/google-apps-script": {
      "version": "1.0.58",
      "resolved": "https://registry.npmjs.org/@types/google-apps-script/-/google-apps-script-1.0.58.tgz",
      "integrity": "sha512-iY7gTAKAb+0htojopUfcG57A9gaOtdWEmuTI1RYgctIInHsOTyNyntcinCLKu8bdTu/qDila05Fu7kw9cEky1A==",
      "dev": true
    }
  },
  "dependencies": {
    "@types/google-apps-script": {
      "version": "1.0.58",
      "resolved": "https://registry.npmjs.org/@types/google-apps-script/-/google-apps-script-1.0.58.tgz",
      "integrity": "sha512-iY7gTAKAb+0htojopUfcG57A9gaOtdWEmuTI1RYgctIInHsOTyNyntcinCLKu8bdTu/qDila05Fu7kw9cEky1A==",
      "dev": true
    }
  }
}
